<?xml version="1.0" encoding="utf-8"?>
<Project ToolsVersion="4.0" xmlns="http://schemas.microsoft.com/developer/msbuild/2003">
  <ItemGroup>
    <ClInclude Include="EngineDebug.h">
      <Filter>Debug</Filter>
    </ClInclude>
    <ClInclude Include="EngineString.h">
      <Filter>String</Filter>
    </ClInclude>
    <ClInclude Include="EngineMath.h">
      <Filter>Math</Filter>
    </ClInclude>
    <ClInclude Include="EngineTime.h">
      <Filter>Time</Filter>
    </ClInclude>
    <ClInclude Include="FTransform.h">
      <Filter>Transform</Filter>
    </ClInclude>
  </ItemGroup>
  <ItemGroup>
    <ClCompile Include="EngineDebug.cpp">
      <Filter>Debug</Filter>
    </ClCompile>
    <ClCompile Include="EngineString.cpp">
      <Filter>String</Filter>
    </ClCompile>
    <ClCompile Include="EngineMath.cpp">
      <Filter>Math</Filter>
    </ClCompile>
    <ClCompile Include="EngineTime.cpp">
      <Filter>Time</Filter>
    </ClCompile>
    <ClCompile Include="FTransform.cpp">
      <Filter>Transform</Filter>
    </ClCompile>
  </ItemGroup>
  <ItemGroup>
    <Filter Include="Debug">
      <UniqueIdentifier>{1424b012-115b-41ab-8626-b8056de0f1d8}</UniqueIdentifier>
    </Filter>
    <Filter Include="String">
      <UniqueIdentifier>{4aa474ca-3be1-4587-bca3-bf4f340e6c77}</UniqueIdentifier>
    </Filter>
    <Filter Include="Math">
      <UniqueIdentifier>{648fc53c-eb5f-4a01-b0f8-7b4e20c74745}</UniqueIdentifier>
    </Filter>
    <Filter Include="Time">
      <UniqueIdentifier>{cd1a78b3-88ef-4efe-90fb-06d8ea730eef}</UniqueIdentifier>
    </Filter>
    <Filter Include="Transform">
      <UniqueIdentifier>{f18ffe48-c563-477d-87e5-0ec5f64f6f6c}</UniqueIdentifier>
    </Filter>
  </ItemGroup>
</Project>