<?xml version="1.0" encoding="utf-8"?>
<Project ToolsVersion="4.0" xmlns="http://schemas.microsoft.com/developer/msbuild/2003">
  <ItemGroup>
    <ClCompile Include="ArkanoidCore.cpp" />
    <ClCompile Include="TitleLevel.cpp">
      <Filter>Level</Filter>
    </ClCompile>
    <ClCompile Include="Bullet.cpp">
      <Filter>Obejct</Filter>
    </ClCompile>
    <ClCompile Include="User.cpp">
      <Filter>Obejct</Filter>
    </ClCompile>
    <ClCompile Include="BackGround.cpp">
      <Filter>Obejct</Filter>
    </ClCompile>
    <ClCompile Include="Stage1Level.cpp">
      <Filter>Level\Stage1</Filter>
    </ClCompile>
    <ClCompile Include="Stage1BackGround.cpp">
      <Filter>Level\Stage1</Filter>
    </ClCompile>
    <ClCompile Include="CollisonManger.cpp">
      <Filter>Level\Stage1</Filter>
    </ClCompile>
    <ClCompile Include="Ball.cpp">
      <Filter>Obejct</Filter>
    </ClCompile>
    <ClCompile Include="ColliderManager.cpp" />
    <ClCompile Include="Block.cpp">
      <Filter>Obejct</Filter>
    </ClCompile>
    <ClCompile Include="Item.cpp" />
    <ClCompile Include="BlockMaker.cpp" />
  </ItemGroup>
  <ItemGroup>
    <ClInclude Include="ArkanoidCore.h" />
    <ClInclude Include="TitleLevel.h">
      <Filter>Level</Filter>
    </ClInclude>
    <ClInclude Include="Bullet.h">
      <Filter>Obejct</Filter>
    </ClInclude>
    <ClInclude Include="User.h">
      <Filter>Obejct</Filter>
    </ClInclude>
    <ClInclude Include="BackGround.h">
      <Filter>Obejct</Filter>
    </ClInclude>
    <ClInclude Include="Stage1Level.h">
      <Filter>Level\Stage1</Filter>
    </ClInclude>
    <ClInclude Include="Stage1BackGround.h">
      <Filter>Level\Stage1</Filter>
    </ClInclude>
    <ClInclude Include="CollisonManger.h">
      <Filter>Level\Stage1</Filter>
    </ClInclude>
    <ClInclude Include="Ball.h">
      <Filter>Obejct</Filter>
    </ClInclude>
    <ClInclude Include="ColliderManager.h" />
    <ClInclude Include="Block.h">
      <Filter>Obejct</Filter>
    </ClInclude>
    <ClInclude Include="Item.h" />
    <ClInclude Include="BlockMaker.h" />
  </ItemGroup>
  <ItemGroup>
    <Filter Include="Obejct">
      <UniqueIdentifier>{bd85f85e-ad5f-44be-b406-b9e5900dfd5e}</UniqueIdentifier>
    </Filter>
    <Filter Include="Level">
      <UniqueIdentifier>{e4daa80d-62ad-4903-b1b6-c01bc1a2453f}</UniqueIdentifier>
    </Filter>
    <Filter Include="Level\Stage1">
      <UniqueIdentifier>{f410b0de-19bc-4985-9943-d12b78cfcfee}</UniqueIdentifier>
    </Filter>
  </ItemGroup>
</Project>