
Microsoft Visual Studio Solution File, Format Version 12.00
# Visual Studio Version 17
VisualStudioVersion = 17.8.34330.188
MinimumVisualStudioVersion = 10.0.40219.1
Project("{2150E333-8FDC-42A3-9474-1A3956D46DE8}") = "Level0", "Level0", "{44135FFC-DD84-47E5-8069-03DB9C829FF1}"
EndProject
Project("{2150E333-8FDC-42A3-9474-1A3956D46DE8}") = "Level1", "Level1", "{31B0D541-7497-4DC5-897E-ED41E1D753EF}"
EndProject
Project("{2150E333-8FDC-42A3-9474-1A3956D46DE8}") = "Level2", "Level2", "{BACA2743-2421-4EDC-8845-30FDC5D799A1}"
EndProject
Project("{2150E333-8FDC-42A3-9474-1A3956D46DE8}") = "Level3", "Level3", "{9FF7E77F-6914-4CD6-AD61-49E1A0579A4E}"
EndProject
Project("{8BC9CEB8-8B4A-11D0-8D11-00A0C91BC942}") = "EngineBase", "EngineBase\EngineBase.vcxproj", "{EA197215-13BB-4729-9573-DB483A0EE1A3}"
EndProject
Project("{8BC9CEB8-8B4A-11D0-8D11-00A0C91BC942}") = "EnginePlatform", "EnginePlatform\EnginePlatform.vcxproj", "{F0716EC2-0BC5-43EA-9046-B203E0985A67}"
EndProject
Project("{8BC9CEB8-8B4A-11D0-8D11-00A0C91BC942}") = "EngineCore", "EngineCore\EngineCore.vcxproj", "{35FA176C-16BB-4C2A-A672-F4FF30C1BEA5}"
EndProject
Project("{2150E333-8FDC-42A3-9474-1A3956D46DE8}") = "Level4", "Level4", "{F91A5488-1DA0-4B5A-9C7A-6F0EF5854076}"
EndProject
Project("{8BC9CEB8-8B4A-11D0-8D11-00A0C91BC942}") = "Arkanoid", "Contents\Contents.vcxproj", "{C1412427-0C70-4B8A-88BD-4977852ADC11}"
EndProject
Project("{8BC9CEB8-8B4A-11D0-8D11-00A0C91BC942}") = "MYAPP", "App\App.vcxproj", "{A22DA2DB-9AE3-48F5-B9FA-1C854C4ADEB8}"
EndProject
Global
	GlobalSection(SolutionConfigurationPlatforms) = preSolution
		Debug|x64 = Debug|x64
		Debug|x86 = Debug|x86
		Release|x64 = Release|x64
		Release|x86 = Release|x86
	EndGlobalSection
	GlobalSection(ProjectConfigurationPlatforms) = postSolution
		{EA197215-13BB-4729-9573-DB483A0EE1A3}.Debug|x64.ActiveCfg = Debug|x64
		{EA197215-13BB-4729-9573-DB483A0EE1A3}.Debug|x64.Build.0 = Debug|x64
		{EA197215-13BB-4729-9573-DB483A0EE1A3}.Debug|x86.ActiveCfg = Debug|Win32
		{EA197215-13BB-4729-9573-DB483A0EE1A3}.Debug|x86.Build.0 = Debug|Win32
		{EA197215-13BB-4729-9573-DB483A0EE1A3}.Release|x64.ActiveCfg = Release|x64
		{EA197215-13BB-4729-9573-DB483A0EE1A3}.Release|x64.Build.0 = Release|x64
		{EA197215-13BB-4729-9573-DB483A0EE1A3}.Release|x86.ActiveCfg = Release|Win32
		{EA197215-13BB-4729-9573-DB483A0EE1A3}.Release|x86.Build.0 = Release|Win32
		{F0716EC2-0BC5-43EA-9046-B203E0985A67}.Debug|x64.ActiveCfg = Debug|x64
		{F0716EC2-0BC5-43EA-9046-B203E0985A67}.Debug|x64.Build.0 = Debug|x64
		{F0716EC2-0BC5-43EA-9046-B203E0985A67}.Debug|x86.ActiveCfg = Debug|Win32
		{F0716EC2-0BC5-43EA-9046-B203E0985A67}.Debug|x86.Build.0 = Debug|Win32
		{F0716EC2-0BC5-43EA-9046-B203E0985A67}.Release|x64.ActiveCfg = Release|x64
		{F0716EC2-0BC5-43EA-9046-B203E0985A67}.Release|x64.Build.0 = Release|x64
		{F0716EC2-0BC5-43EA-9046-B203E0985A67}.Release|x86.ActiveCfg = Release|Win32
		{F0716EC2-0BC5-43EA-9046-B203E0985A67}.Release|x86.Build.0 = Release|Win32
		{35FA176C-16BB-4C2A-A672-F4FF30C1BEA5}.Debug|x64.ActiveCfg = Debug|x64
		{35FA176C-16BB-4C2A-A672-F4FF30C1BEA5}.Debug|x64.Build.0 = Debug|x64
		{35FA176C-16BB-4C2A-A672-F4FF30C1BEA5}.Debug|x86.ActiveCfg = Debug|Win32
		{35FA176C-16BB-4C2A-A672-F4FF30C1BEA5}.Debug|x86.Build.0 = Debug|Win32
		{35FA176C-16BB-4C2A-A672-F4FF30C1BEA5}.Release|x64.ActiveCfg = Release|x64
		{35FA176C-16BB-4C2A-A672-F4FF30C1BEA5}.Release|x64.Build.0 = Release|x64
		{35FA176C-16BB-4C2A-A672-F4FF30C1BEA5}.Release|x86.ActiveCfg = Release|Win32
		{35FA176C-16BB-4C2A-A672-F4FF30C1BEA5}.Release|x86.Build.0 = Release|Win32
		{C1412427-0C70-4B8A-88BD-4977852ADC11}.Debug|x64.ActiveCfg = Debug|x64
		{C1412427-0C70-4B8A-88BD-4977852ADC11}.Debug|x64.Build.0 = Debug|x64
		{C1412427-0C70-4B8A-88BD-4977852ADC11}.Debug|x86.ActiveCfg = Debug|Win32
		{C1412427-0C70-4B8A-88BD-4977852ADC11}.Debug|x86.Build.0 = Debug|Win32
		{C1412427-0C70-4B8A-88BD-4977852ADC11}.Release|x64.ActiveCfg = Release|x64
		{C1412427-0C70-4B8A-88BD-4977852ADC11}.Release|x64.Build.0 = Release|x64
		{C1412427-0C70-4B8A-88BD-4977852ADC11}.Release|x86.ActiveCfg = Release|Win32
		{C1412427-0C70-4B8A-88BD-4977852ADC11}.Release|x86.Build.0 = Release|Win32
		{A22DA2DB-9AE3-48F5-B9FA-1C854C4ADEB8}.Debug|x64.ActiveCfg = Debug|x64
		{A22DA2DB-9AE3-48F5-B9FA-1C854C4ADEB8}.Debug|x64.Build.0 = Debug|x64
		{A22DA2DB-9AE3-48F5-B9FA-1C854C4ADEB8}.Debug|x86.ActiveCfg = Debug|Win32
		{A22DA2DB-9AE3-48F5-B9FA-1C854C4ADEB8}.Debug|x86.Build.0 = Debug|Win32
		{A22DA2DB-9AE3-48F5-B9FA-1C854C4ADEB8}.Release|x64.ActiveCfg = Release|x64
		{A22DA2DB-9AE3-48F5-B9FA-1C854C4ADEB8}.Release|x64.Build.0 = Release|x64
		{A22DA2DB-9AE3-48F5-B9FA-1C854C4ADEB8}.Release|x86.ActiveCfg = Release|Win32
		{A22DA2DB-9AE3-48F5-B9FA-1C854C4ADEB8}.Release|x86.Build.0 = Release|Win32
	EndGlobalSection
	GlobalSection(SolutionProperties) = preSolution
		HideSolutionNode = FALSE
	EndGlobalSection
	GlobalSection(NestedProjects) = preSolution
		{EA197215-13BB-4729-9573-DB483A0EE1A3} = {44135FFC-DD84-47E5-8069-03DB9C829FF1}
		{F0716EC2-0BC5-43EA-9046-B203E0985A67} = {31B0D541-7497-4DC5-897E-ED41E1D753EF}
		{35FA176C-16BB-4C2A-A672-F4FF30C1BEA5} = {BACA2743-2421-4EDC-8845-30FDC5D799A1}
		{C1412427-0C70-4B8A-88BD-4977852ADC11} = {9FF7E77F-6914-4CD6-AD61-49E1A0579A4E}
		{A22DA2DB-9AE3-48F5-B9FA-1C854C4ADEB8} = {F91A5488-1DA0-4B5A-9C7A-6F0EF5854076}
	EndGlobalSection
	GlobalSection(ExtensibilityGlobals) = postSolution
		SolutionGuid = {32DBA7DE-A406-4C7A-8662-31ED5F031EFE}
	EndGlobalSection
EndGlobal
